// !$*UTF8*$!
{
	archiveVersion = 1;
	classes = {
	};
	objectVersion = 46;
	objects = {

/* Begin PBXBuildFile section */
		1F3AB4221A82A42B00713F51 /* AppDelegate.swift in Sources */ = {isa = PBXBuildFile; fileRef = 1F3AB4211A82A42B00713F51 /* AppDelegate.swift */; };
		1F3AB4241A82A42B00713F51 /* ViewController.swift in Sources */ = {isa = PBXBuildFile; fileRef = 1F3AB4231A82A42B00713F51 /* ViewController.swift */; };
		1F3AB4271A82A42B00713F51 /* Main.storyboard in Resources */ = {isa = PBXBuildFile; fileRef = 1F3AB4251A82A42B00713F51 /* Main.storyboard */; };
		1F3AB4291A82A42B00713F51 /* Images.xcassets in Resources */ = {isa = PBXBuildFile; fileRef = 1F3AB4281A82A42B00713F51 /* Images.xcassets */; };
		1F3AB42C1A82A42B00713F51 /* LaunchScreen.xib in Resources */ = {isa = PBXBuildFile; fileRef = 1F3AB42A1A82A42B00713F51 /* LaunchScreen.xib */; };
		1F3AB4381A82A42C00713F51 /* test1Tests.swift in Sources */ = {isa = PBXBuildFile; fileRef = 1F3AB4371A82A42C00713F51 /* test1Tests.swift */; };
/* End PBXBuildFile section */

/* Begin PBXContainerItemProxy section */
		1F3AB4321A82A42C00713F51 /* PBXContainerItemProxy */ = {
			isa = PBXContainerItemProxy;
			containerPortal = 1F3AB4141A82A42B00713F51 /* Project object */;
			proxyType = 1;
			remoteGlobalIDString = 1F3AB41B1A82A42B00713F51;
			remoteInfo = test1;
		};
/* End PBXContainerItemProxy section */

/* Begin PBXFileReference section */
		1F3AB41C1A82A42B00713F51 /* test1.app */ = {isa = PBXFileReference; explicitFileType = wrapper.application; includeInIndex = 0; path = test1.app; sourceTree = BUILT_PRODUCTS_DIR; };
		1F3AB4201A82A42B00713F51 /* Info.plist */ = {isa = PBXFileReference; lastKnownFileType = text.plist.xml; path = Info.plist; sourceTree = "<group>"; };
		1F3AB4211A82A42B00713F51 /* AppDelegate.swift */ = {isa = PBXFileReference; lastKnownFileType = sourcecode.swift; path = AppDelegate.swift; sourceTree = "<group>"; };
		1F3AB4231A82A42B00713F51 /* ViewController.swift */ = {isa = PBXFileReference; lastKnownFileType = sourcecode.swift; path = ViewController.swift; sourceTree = "<group>"; };
		1F3AB4261A82A42B00713F51 /* Base */ = {isa = PBXFileReference; lastKnownFileType = file.storyboard; name = Base; path = Base.lproj/Main.storyboard; sourceTree = "<group>"; };
		1F3AB4281A82A42B00713F51 /* Images.xcassets */ = {isa = PBXFileReference; lastKnownFileType = folder.assetcatalog; path = Images.xcassets; sourceTree = "<group>"; };
		1F3AB42B1A82A42B00713F51 /* Base */ = {isa = PBXFileReference; lastKnownFileType = file.xib; name = Base; path = Base.lproj/LaunchScreen.xib; sourceTree = "<group>"; };
		1F3AB4311A82A42C00713F51 /* test1Tests.xctest */ = {isa = PBXFileReference; explicitFileType = wrapper.cfbundle; includeInIndex = 0; path = test1Tests.xctest; sourceTree = BUILT_PRODUCTS_DIR; };
		1F3AB4361A82A42C00713F51 /* Info.plist */ = {isa = PBXFileReference; lastKnownFileType = text.plist.xml; path = Info.plist; sourceTree = "<group>"; };
		1F3AB4371A82A42C00713F51 /* test1Tests.swift */ = {isa = PBXFileReference; lastKnownFileType = sourcecode.swift; path = test1Tests.swift; sourceTree = "<group>"; };
/* End PBXFileReference section */

/* Begin PBXFrameworksBuildPhase section */
		1F3AB4191A82A42B00713F51 /* Frameworks */ = {
			isa = PBXFrameworksBuildPhase;
			buildActionMask = 2147483647;
			files = (
			);
			runOnlyForDeploymentPostprocessing = 0;
		};
		1F3AB42E1A82A42B00713F51 /* Frameworks */ = {
			isa = PBXFrameworksBuildPhase;
			buildActionMask = 2147483647;
			files = (
			);
			runOnlyForDeploymentPostprocessing = 0;
		};
/* End PBXFrameworksBuildPhase section */

/* Begin PBXGroup section */
		1F3AB4131A82A42B00713F51 = {
			isa = PBXGroup;
			children = (
				1F3AB41E1A82A42B00713F51 /* test1 */,
				1F3AB4341A82A42C00713F51 /* test1Tests */,
				1F3AB41D1A82A42B00713F51 /* Products */,
			);
			sourceTree = "<group>";
		};
		1F3AB41D1A82A42B00713F51 /* Products */ = {
			isa = PBXGroup;
			children = (
				1F3AB41C1A82A42B00713F51 /* test1.app */,
				1F3AB4311A82A42C00713F51 /* test1Tests.xctest */,
			);
			name = Products;
			sourceTree = "<group>";
		};
		1F3AB41E1A82A42B00713F51 /* test1 */ = {
			isa = PBXGroup;
			children = (
				1F3AB4211A82A42B00713F51 /* AppDelegate.swift */,
				1F3AB4231A82A42B00713F51 /* ViewController.swift */,
				1F3AB4251A82A42B00713F51 /* Main.storyboard */,
				1F3AB4281A82A42B00713F51 /* Images.xcassets */,
				1F3AB42A1A82A42B00713F51 /* LaunchScreen.xib */,
				1F3AB41F1A82A42B00713F51 /* Supporting Files */,
			);
			path = test1;
			sourceTree = "<group>";
		};
		1F3AB41F1A82A42B00713F51 /* Supporting Files */ = {
			isa = PBXGroup;
			children = (
				1F3AB4201A82A42B00713F51 /* Info.plist */,
			);
			name = "Supporting Files";
			sourceTree = "<group>";
		};
		1F3AB4341A82A42C00713F51 /* test1Tests */ = {
			isa = PBXGroup;
			children = (
				1F3AB4371A82A42C00713F51 /* test1Tests.swift */,
				1F3AB4351A82A42C00713F51 /* Supporting Files */,
			);
			path = test1Tests;
			sourceTree = "<group>";
		};
		1F3AB4351A82A42C00713F51 /* Supporting Files */ = {
			isa = PBXGroup;
			children = (
				1F3AB4361A82A42C00713F51 /* Info.plist */,
			);
			name = "Supporting Files";
			sourceTree = "<group>";
		};
/* End PBXGroup section */

/* Begin PBXNativeTarget section */
		1F3AB41B1A82A42B00713F51 /* test1 */ = {
			isa = PBXNativeTarget;
			buildConfigurationList = 1F3AB43B1A82A42C00713F51 /* Build configuration list for PBXNativeTarget "test1" */;
			buildPhases = (
				1F3AB4181A82A42B00713F51 /* Sources */,
				1F3AB4191A82A42B00713F51 /* Frameworks */,
				1F3AB41A1A82A42B00713F51 /* Resources */,
			);
			buildRules = (
			);
			dependencies = (
			);
			name = test1;
			productName = test1;
			productReference = 1F3AB41C1A82A42B00713F51 /* test1.app */;
			productType = "com.apple.product-type.application";
		};
		1F3AB4301A82A42B00713F51 /* test1Tests */ = {
			isa = PBXNativeTarget;
			buildConfigurationList = 1F3AB43E1A82A42C00713F51 /* Build configuration list for PBXNativeTarget "test1Tests" */;
			buildPhases = (
				1F3AB42D1A82A42B00713F51 /* Sources */,
				1F3AB42E1A82A42B00713F51 /* Frameworks */,
				1F3AB42F1A82A42B00713F51 /* Resources */,
			);
			buildRules = (
			);
			dependencies = (
				1F3AB4331A82A42C00713F51 /* PBXTargetDependency */,
			);
			name = test1Tests;
			productName = test1Tests;
			productReference = 1F3AB4311A82A42C00713F51 /* test1Tests.xctest */;
			productType = "com.apple.product-type.bundle.unit-test";
		};
/* End PBXNativeTarget section */

/* Begin PBXProject section */
		1F3AB4141A82A42B00713F51 /* Project object */ = {
			isa = PBXProject;
			attributes = {
				LastUpgradeCheck = 0610;
				ORGANIZATIONNAME = AppToad;
				TargetAttributes = {
					1F3AB41B1A82A42B00713F51 = {
						CreatedOnToolsVersion = 6.1;
					};
					1F3AB4301A82A42B00713F51 = {
						CreatedOnToolsVersion = 6.1;
						TestTargetID = 1F3AB41B1A82A42B00713F51;
					};
				};
			};
			buildConfigurationList = 1F3AB4171A82A42B00713F51 /* Build configuration list for PBXProject "test1" */;
			compatibilityVersion = "Xcode 3.2";
			developmentRegion = English;
			hasScannedForEncodings = 0;
			knownRegions = (
				en,
				Base,
			);
			mainGroup = 1F3AB4131A82A42B00713F51;
			productRefGroup = 1F3AB41D1A82A42B00713F51 /* Products */;
			projectDirPath = "";
			projectRoot = "";
			targets = (
				1F3AB41B1A82A42B00713F51 /* test1 */,
				1F3AB4301A82A42B00713F51 /* test1Tests */,
			);
		};
/* End PBXProject section */

/* Begin PBXResourcesBuildPhase section */
		1F3AB41A1A82A42B00713F51 /* Resources */ = {
			isa = PBXResourcesBuildPhase;
			buildActionMask = 2147483647;
			files = (
				1F3AB4271A82A42B00713F51 /* Main.storyboard in Resources */,
				1F3AB42C1A82A42B00713F51 /* LaunchScreen.xib in Resources */,
				1F3AB4291A82A42B00713F51 /* Images.xcassets in Resources */,
			);
			runOnlyForDeploymentPostprocessing = 0;
		};
		1F3AB42F1A82A42B00713F51 /* Resources */ = {
			isa = PBXResourcesBuildPhase;
			buildActionMask = 2147483647;
			files = (
			);
			runOnlyForDeploymentPostprocessing = 0;
		};
/* End PBXResourcesBuildPhase section */

/* Begin PBXSourcesBuildPhase section */
		1F3AB4181A82A42B00713F51 /* Sources */ = {
			isa = PBXSourcesBuildPhase;
			buildActionMask = 2147483647;
			files = (
				1F3AB4241A82A42B00713F51 /* ViewController.swift in Sources */,
				1F3AB4221A82A42B00713F51 /* AppDelegate.swift in Sources */,
			);
			runOnlyForDeploymentPostprocessing = 0;
		};
		1F3AB42D1A82A42B00713F51 /* Sources */ = {
			isa = PBXSourcesBuildPhase;
			buildActionMask = 2147483647;
			files = (
				1F3AB4381A82A42C00713F51 /* test1Tests.swift in Sources */,
			);
			runOnlyForDeploymentPostprocessing = 0;
		};
/* End PBXSourcesBuildPhase section */

/* Begin PBXTargetDependency section */
		1F3AB4331A82A42C00713F51 /* PBXTargetDependency */ = {
			isa = PBXTargetDependency;
			target = 1F3AB41B1A82A42B00713F51 /* test1 */;
			targetProxy = 1F3AB4321A82A42C00713F51 /* PBXContainerItemProxy */;
		};
/* End PBXTargetDependency section */

/* Begin PBXVariantGroup section */
		1F3AB4251A82A42B00713F51 /* Main.storyboard */ = {
			isa = PBXVariantGroup;
			children = (
				1F3AB4261A82A42B00713F51 /* Base */,
			);
			name = Main.storyboard;
			sourceTree = "<group>";
		};
		1F3AB42A1A82A42B00713F51 /* LaunchScreen.xib */ = {
			isa = PBXVariantGroup;
			children = (
				1F3AB42B1A82A42B00713F51 /* Base */,
			);
			name = LaunchScreen.xib;
			sourceTree = "<group>";
		};
/* End PBXVariantGroup section */

/* Begin XCBuildConfiguration section */
		1F3AB4391A82A42C00713F51 /* Debug */ = {
			isa = XCBuildConfiguration;
			buildSettings = {
				ALWAYS_SEARCH_USER_PATHS = NO;
				CLANG_CXX_LANGUAGE_STANDARD = "gnu++0x";
				CLANG_CXX_LIBRARY = "libc++";
				CLANG_ENABLE_MODULES = YES;
				CLANG_ENABLE_OBJC_ARC = YES;
				CLANG_WARN_BOOL_CONVERSION = YES;
				CLANG_WARN_CONSTANT_CONVERSION = YES;
				CLANG_WARN_DIRECT_OBJC_ISA_USAGE = YES_ERROR;
				CLANG_WARN_EMPTY_BODY = YES;
				CLANG_WARN_ENUM_CONVERSION = YES;
				CLANG_WARN_INT_CONVERSION = YES;
				CLANG_WARN_OBJC_ROOT_CLASS = YES_ERROR;
				CLANG_WARN_UNREACHABLE_CODE = YES;
				CLANG_WARN__DUPLICATE_METHOD_MATCH = YES;
				"CODE_SIGN_IDENTITY[sdk=iphoneos*]" = "iPhone Developer";
				COPY_PHASE_STRIP = NO;
				ENABLE_STRICT_OBJC_MSGSEND = YES;
				GCC_C_LANGUAGE_STANDARD = gnu99;
				GCC_DYNAMIC_NO_PIC = NO;
				GCC_OPTIMIZATION_LEVEL = 0;
				GCC_PREPROCESSOR_DEFINITIONS = (
					"DEBUG=1",
					"$(inherited)",
				);
				GCC_SYMBOLS_PRIVATE_EXTERN = NO;
				GCC_WARN_64_TO_32_BIT_CONVERSION = YES;
				GCC_WARN_ABOUT_RETURN_TYPE = YES_ERROR;
				GCC_WARN_UNDECLARED_SELECTOR = YES;
				GCC_WARN_UNINITIALIZED_AUTOS = YES_AGGRESSIVE;
				GCC_WARN_UNUSED_FUNCTION = YES;
				GCC_WARN_UNUSED_VARIABLE = YES;
				IPHONEOS_DEPLOYMENT_TARGET = 8.1;
				MTL_ENABLE_DEBUG_INFO = YES;
				ONLY_ACTIVE_ARCH = YES;
				SDKROOT = iphoneos;
				SWIFT_OPTIMIZATION_LEVEL = "-Onone";
				TARGETED_DEVICE_FAMILY = "1,2";
			};
			name = Debug;
		};
		1F3AB43A1A82A42C00713F51 /* Release */ = {
			isa = XCBuildConfiguration;
			buildSettings = {
				ALWAYS_SEARCH_USER_PATHS = NO;
				CLANG_CXX_LANGUAGE_STANDARD = "gnu++0x";
				CLANG_CXX_LIBRARY = "libc++";
				CLANG_ENABLE_MODULES = YES;
				CLANG_ENABLE_OBJC_ARC = YES;
				CLANG_WARN_BOOL_CONVERSION = YES;
				CLANG_WARN_CONSTANT_CONVERSION = YES;
				CLANG_WARN_DIRECT_OBJC_ISA_USAGE = YES_ERROR;
				CLANG_WARN_EMPTY_BODY = YES;
				CLANG_WARN_ENUM_CONVERSION = YES;
				CLANG_WARN_INT_CONVERSION = YES;
				CLANG_WARN_OBJC_ROOT_CLASS = YES_ERROR;
				CLANG_WARN_UNREACHABLE_CODE = YES;
				CLANG_WARN__DUPLICATE_METHOD_MATCH = YES;
				"CODE_SIGN_IDENTITY[sdk=iphoneos*]" = "iPhone Developer";
				COPY_PHASE_STRIP = YES;
				ENABLE_NS_ASSERTIONS = NO;
				ENABLE_STRICT_OBJC_MSGSEND = YES;
				GCC_C_LANGUAGE_STANDARD = gnu99;
				GCC_WARN_64_TO_32_BIT_CONVERSION = YES;
				GCC_WARN_ABOUT_RETURN_TYPE = YES_ERROR;
				GCC_WARN_UNDECLARED_SELECTOR = YES;
				GCC_WARN_UNINITIALIZED_AUTOS = YES_AGGRESSIVE;
				GCC_WARN_UNUSED_FUNCTION = YES;
				GCC_WARN_UNUSED_VARIABLE = YES;
				IPHONEOS_DEPLOYMENT_TARGET = 8.1;
				MTL_ENABLE_DEBUG_INFO = NO;
				SDKROOT = iphoneos;
				TARGETED_DEVICE_FAMILY = "1,2";
				VALIDATE_PRODUCT = YES;
			};
			name = Release;
		};
		1F3AB43C1A82A42C00713F51 /* Debug */ = {
			isa = XCBuildConfiguration;
			buildSettings = {
				ASSETCATALOG_COMPILER_APPICON_NAME = AppIcon;
				INFOPLIST_FILE = test1/Info.plist;
				LD_RUNPATH_SEARCH_PATHS = "$(inherited) @executable_path/Frameworks";
				PRODUCT_NAME = "$(TARGET_NAME)";
			};
			name = Debug;
		};
		1F3AB43D1A82A42C00713F51 /* Release */ = {
			isa = XCBuildConfiguration;
			buildSettings = {
				ASSETCATALOG_COMPILER_APPICON_NAME = AppIcon;
				INFOPLIST_FILE = test1/Info.plist;
				LD_RUNPATH_SEARCH_PATHS = "$(inherited) @executable_path/Frameworks";
				PRODUCT_NAME = "$(TARGET_NAME)";
			};
			name = Release;
		};
		1F3AB43F1A82A42C00713F51 /* Debug */ = {
			isa = XCBuildConfiguration;
			buildSettings = {
				BUNDLE_LOADER = "$(TEST_HOST)";
				FRAMEWORK_SEARCH_PATHS = (
					"$(SDKROOT)/Developer/Library/Frameworks",
					"$(inherited)",
				);
				GCC_PREPROCESSOR_DEFINITIONS = (
					"DEBUG=1",
					"$(inherited)",
				);
				INFOPLIST_FILE = test1Tests/Info.plist;
				LD_RUNPATH_SEARCH_PATHS = "$(inherited) @executable_path/Frameworks @loader_path/Frameworks";
				PRODUCT_NAME = "$(TARGET_NAME)";
				TEST_HOST = "$(BUILT_PRODUCTS_DIR)/test1.app/test1";
			};
			name = Debug;
		};
		1F3AB4401A82A42C00713F51 /* Release */ = {
			isa = XCBuildConfiguration;
			buildSettings = {
				BUNDLE_LOADER = "$(TEST_HOST)";
				FRAMEWORK_SEARCH_PATHS = (
					"$(SDKROOT)/Developer/Library/Frameworks",
					"$(inherited)",
				);
				INFOPLIST_FILE = test1Tests/Info.plist;
				LD_RUNPATH_SEARCH_PATHS = "$(inherited) @executable_path/Frameworks @loader_path/Frameworks";
				PRODUCT_NAME = "$(TARGET_NAME)";
				TEST_HOST = "$(BUILT_PRODUCTS_DIR)/test1.app/test1";
			};
			name = Release;
		};
/* End XCBuildConfiguration section */

/* Begin XCConfigurationList section */
		1F3AB4171A82A42B00713F51 /* Build configuration list for PBXProject "test1" */ = {
			isa = XCConfigurationList;
			buildConfigurations = (
				1F3AB4391A82A42C00713F51 /* Debug */,
				1F3AB43A1A82A42C00713F51 /* Release */,
			);
			defaultConfigurationIsVisible = 0;
			defaultConfigurationName = Release;
		};
		1F3AB43B1A82A42C00713F51 /* Build configuration list for PBXNativeTarget "test1" */ = {
			isa = XCConfigurationList;
			buildConfigurations = (
				1F3AB43C1A82A42C00713F51 /* Debug */,
				1F3AB43D1A82A42C00713F51 /* Release */,
			);
			defaultConfigurationIsVisible = 0;
		};
		1F3AB43E1A82A42C00713F51 /* Build configuration list for PBXNativeTarget "test1Tests" */ = {
			isa = XCConfigurationList;
			buildConfigurations = (
				1F3AB43F1A82A42C00713F51 /* Debug */,
				1F3AB4401A82A42C00713F51 /* Release */,
			);
			defaultConfigurationIsVisible = 0;
		};
/* End XCConfigurationList section */
	};
	rootObject = 1F3AB4141A82A42B00713F51 /* Project object */;
}
